
Microsoft Visual Studio Solution File, Format Version 12.00
# Visual Studio Version 17
VisualStudioVersion = 17.6.33829.357
MinimumVisualStudioVersion = 10.0.40219.1
Project("{FAE04EC0-301F-11D3-BF4B-00C04F79EFBC}") = "Object Oriented Programming(OOP)", "Object Oriented Programming(OOP).csproj", "{6D2B0BFE-BE5C-45E6-B7F0-881EFB09A6F9}"
EndProject
Global
	GlobalSection(SolutionConfigurationPlatforms) = preSolution
		Debug|Any CPU = Debug|Any CPU
		Release|Any CPU = Release|Any CPU
	EndGlobalSection
	GlobalSection(ProjectConfigurationPlatforms) = postSolution
		{6D2B0BFE-BE5C-45E6-B7F0-881EFB09A6F9}.Debug|Any CPU.ActiveCfg = Debug|Any CPU
		{6D2B0BFE-BE5C-45E6-B7F0-881EFB09A6F9}.Debug|Any CPU.Build.0 = Debug|Any CPU
		{6D2B0BFE-BE5C-45E6-B7F0-881EFB09A6F9}.Release|Any CPU.ActiveCfg = Release|Any CPU
		{6D2B0BFE-BE5C-45E6-B7F0-881EFB09A6F9}.Release|Any CPU.Build.0 = Release|Any CPU
	EndGlobalSection
	GlobalSection(SolutionProperties) = preSolution
		HideSolutionNode = FALSE
	EndGlobalSection
	GlobalSection(ExtensibilityGlobals) = postSolution
		SolutionGuid = {E4F33BE3-0AB6-42DE-BEC5-DC978AC2A118}
	EndGlobalSection
EndGlobal
